
Microsoft Visual Studio Solution File, Format Version 12.00
# Visual Studio Version 17
VisualStudioVersion = 17.4.33110.190
MinimumVisualStudioVersion = 10.0.40219.1
Project("{FAE04EC0-301F-11D3-BF4B-00C04F79EFBC}") = "Calculator1", "Calculator1\Calculator1.csproj", "{277B977B-7484-4764-B8BD-7DEF623E8299}"
EndProject
Global
	GlobalSection(SolutionConfigurationPlatforms) = preSolution
		Debug|Any CPU = Debug|Any CPU
		Release|Any CPU = Release|Any CPU
	EndGlobalSection
	GlobalSection(ProjectConfigurationPlatforms) = postSolution
		{277B977B-7484-4764-B8BD-7DEF623E8299}.Debug|Any CPU.ActiveCfg = Debug|Any CPU
		{277B977B-7484-4764-B8BD-7DEF623E8299}.Debug|Any CPU.Build.0 = Debug|Any CPU
		{277B977B-7484-4764-B8BD-7DEF623E8299}.Release|Any CPU.ActiveCfg = Release|Any CPU
		{277B977B-7484-4764-B8BD-7DEF623E8299}.Release|Any CPU.Build.0 = Release|Any CPU
	EndGlobalSection
	GlobalSection(SolutionProperties) = preSolution
		HideSolutionNode = FALSE
	EndGlobalSection
	GlobalSection(ExtensibilityGlobals) = postSolution
		SolutionGuid = {D26868AA-D14D-4929-AD9D-2FD8472BD393}
	EndGlobalSection
EndGlobal
